
Microsoft Visual Studio Solution File, Format Version 12.00
# Visual Studio Version 17
VisualStudioVersion = 17.9.34622.214
MinimumVisualStudioVersion = 10.0.40219.1
Project("{FAE04EC0-301F-11D3-BF4B-00C04F79EFBC}") = "Discusion", "Discusion\Discusion.csproj", "{6F2B90DF-EF26-4A9E-8B16-EF195876FA2E}"
EndProject
Global
	GlobalSection(SolutionConfigurationPlatforms) = preSolution
		Debug|Any CPU = Debug|Any CPU
		Release|Any CPU = Release|Any CPU
	EndGlobalSection
	GlobalSection(ProjectConfigurationPlatforms) = postSolution
		{6F2B90DF-EF26-4A9E-8B16-EF195876FA2E}.Debug|Any CPU.ActiveCfg = Debug|Any CPU
		{6F2B90DF-EF26-4A9E-8B16-EF195876FA2E}.Debug|Any CPU.Build.0 = Debug|Any CPU
		{6F2B90DF-EF26-4A9E-8B16-EF195876FA2E}.Release|Any CPU.ActiveCfg = Release|Any CPU
		{6F2B90DF-EF26-4A9E-8B16-EF195876FA2E}.Release|Any CPU.Build.0 = Release|Any CPU
	EndGlobalSection
	GlobalSection(SolutionProperties) = preSolution
		HideSolutionNode = FALSE
	EndGlobalSection
	GlobalSection(ExtensibilityGlobals) = postSolution
		SolutionGuid = {46CC8F1B-BF08-422A-B32B-91A526C0719D}
	EndGlobalSection
EndGlobal
